// !$*UTF8*$!
{
	archiveVersion = 1;
	classes = {
	};
	objectVersion = 56;
	objects = {

/* Begin PBXBuildFile section */
		9A27475A2961B325004F9731 /* Memo in Resources */ = {isa = PBXBuildFile; fileRef = 9A2747592961B325004F9731 /* Memo */; };
		9A2747662961B52E004F9731 /* SnapKit in Frameworks */ = {isa = PBXBuildFile; productRef = 9A2747652961B52E004F9731 /* SnapKit */; };
		9A2747682961B55B004F9731 /* DesignKit.framework in Frameworks */ = {isa = PBXBuildFile; fileRef = 9A2747672961B55B004F9731 /* DesignKit.framework */; };
		9A2747692961B55B004F9731 /* DesignKit.framework in Embed Frameworks */ = {isa = PBXBuildFile; fileRef = 9A2747672961B55B004F9731 /* DesignKit.framework */; settings = {ATTRIBUTES = (CodeSignOnCopy, RemoveHeadersOnCopy, ); }; };
		9A27476D296320E5004F9731 /* App Plan in Resources */ = {isa = PBXBuildFile; fileRef = 9A27476C296320E5004F9731 /* App Plan */; };
		9A274783296460A8004F9731 /* Util.framework in Frameworks */ = {isa = PBXBuildFile; fileRef = 9A274782296460A8004F9731 /* Util.framework */; };
		9A274784296460A8004F9731 /* Util.framework in Embed Frameworks */ = {isa = PBXBuildFile; fileRef = 9A274782296460A8004F9731 /* Util.framework */; settings = {ATTRIBUTES = (CodeSignOnCopy, RemoveHeadersOnCopy, ); }; };
		9A27478729646A4C004F9731 /* Lottie in Frameworks */ = {isa = PBXBuildFile; productRef = 9A27478629646A4C004F9731 /* Lottie */; };
		9A2747A7296475BD004F9731 /* check.json in Resources */ = {isa = PBXBuildFile; fileRef = 9A2747A6296475BD004F9731 /* check.json */; };
		9A5D88C1296DACA300040C5B /* MemoManager.swift in Sources */ = {isa = PBXBuildFile; fileRef = 9A5D88C0296DACA300040C5B /* MemoManager.swift */; };
		9A5D88C3296DAF5200040C5B /* MemoTableCell.swift in Sources */ = {isa = PBXBuildFile; fileRef = 9A5D88C2296DAF5200040C5B /* MemoTableCell.swift */; };
		9A5D88C5296DBE0F00040C5B /* CoreDataManager.swift in Sources */ = {isa = PBXBuildFile; fileRef = 9A5D88C4296DBE0F00040C5B /* CoreDataManager.swift */; };
		9A5D88C7296DC20900040C5B /* Debugging in Resources */ = {isa = PBXBuildFile; fileRef = 9A5D88C6296DC20900040C5B /* Debugging */; };
		9A80E75C29739838002536AE /* burriedCodes in Resources */ = {isa = PBXBuildFile; fileRef = 9A80E75B29739838002536AE /* burriedCodes */; };
		9AC2B89629967E8900173596 /* FSCalendarTabController.swift in Sources */ = {isa = PBXBuildFile; fileRef = 9AC2B89529967E8900173596 /* FSCalendarTabController.swift */; };
		9AC2B89A2996922500173596 /* Workspace+Helper.swift in Sources */ = {isa = PBXBuildFile; fileRef = 9AC2B8992996922500173596 /* Workspace+Helper.swift */; };
		9AC2B89E29973BBD00173596 /* FSCalendar in Frameworks */ = {isa = PBXBuildFile; productRef = 9AC2B89D29973BBD00173596 /* FSCalendar */; };
		9AC2B8A0299767C500173596 /* FSCalendarCell.swift in Sources */ = {isa = PBXBuildFile; fileRef = 9AC2B89F299767C500173596 /* FSCalendarCell.swift */; };
		9AC2B8A22997746000173596 /* AppleCalendarTabController.swift in Sources */ = {isa = PBXBuildFile; fileRef = 9AC2B8A12997746000173596 /* AppleCalendarTabController.swift */; };
		9AC2B8A5299774A700173596 /* JTAppleCalendar in Frameworks */ = {isa = PBXBuildFile; productRef = 9AC2B8A4299774A700173596 /* JTAppleCalendar */; };
		9AC2B8AF299A8F0A00173596 /* CodeTomb.swift in Sources */ = {isa = PBXBuildFile; fileRef = 9AC2B8AE299A8F0A00173596 /* CodeTomb.swift */; };
		9ACC6F6D29686F0500837FAB /* Memo+Helper.swift in Sources */ = {isa = PBXBuildFile; fileRef = 9ACC6F6C29686F0500837FAB /* Memo+Helper.swift */; };
		9ACF5123296B0FEF00F75020 /* Tag+Helper.swift in Sources */ = {isa = PBXBuildFile; fileRef = 9ACF5122296B0FEF00F75020 /* Tag+Helper.swift */; };
		9ACF512A296C596A00F75020 /* MemoController.swift in Sources */ = {isa = PBXBuildFile; fileRef = 9ACF5129296C596A00F75020 /* MemoController.swift */; };
		9ACF512C296C681C00F75020 /* SampleCode.swift in Sources */ = {isa = PBXBuildFile; fileRef = 9ACF512B296C681C00F75020 /* SampleCode.swift */; };
		9AD43761295F21DB00156D47 /* TodoSection.swift in Sources */ = {isa = PBXBuildFile; fileRef = 9AD43755295F21DB00156D47 /* TodoSection.swift */; };
		9AD43762295F21DB00156D47 /* Todo+Helper.swift in Sources */ = {isa = PBXBuildFile; fileRef = 9AD43756295F21DB00156D47 /* Todo+Helper.swift */; };
		9AD43764295F21DB00156D47 /* TodoTagManager.swift in Sources */ = {isa = PBXBuildFile; fileRef = 9AD43759295F21DB00156D47 /* TodoTagManager.swift */; };
		9AD43766295F21DB00156D47 /* TodoManager.swift in Sources */ = {isa = PBXBuildFile; fileRef = 9AD4375B295F21DB00156D47 /* TodoManager.swift */; };
		9AD43768295F21DB00156D47 /* CoreDataStack.swift in Sources */ = {isa = PBXBuildFile; fileRef = 9AD4375D295F21DB00156D47 /* CoreDataStack.swift */; };
		9AD43769295F21DB00156D47 /* TodoError.swift in Sources */ = {isa = PBXBuildFile; fileRef = 9AD4375E295F21DB00156D47 /* TodoError.swift */; };
		9AD4376E295F228500156D47 /* Todo.xcdatamodeld in Sources */ = {isa = PBXBuildFile; fileRef = 9AD4376C295F228500156D47 /* Todo.xcdatamodeld */; };
		9AD43777295FD43900156D47 /* TodoTabController.swift in Sources */ = {isa = PBXBuildFile; fileRef = 9AD43776295FD43900156D47 /* TodoTabController.swift */; };
		9AD4377E295FDA5200156D47 /* TodoDataTestStack.swift in Sources */ = {isa = PBXBuildFile; fileRef = 9AD4377D295FDA5200156D47 /* TodoDataTestStack.swift */; };
		9ADD01532951ACD800532DA5 /* AppDelegate.swift in Sources */ = {isa = PBXBuildFile; fileRef = 9ADD01522951ACD800532DA5 /* AppDelegate.swift */; };
		9ADD01552951ACD800532DA5 /* SceneDelegate.swift in Sources */ = {isa = PBXBuildFile; fileRef = 9ADD01542951ACD800532DA5 /* SceneDelegate.swift */; };
		9ADD015C2951ACDA00532DA5 /* Assets.xcassets in Resources */ = {isa = PBXBuildFile; fileRef = 9ADD015B2951ACDA00532DA5 /* Assets.xcassets */; };
		9ADD015F2951ACDA00532DA5 /* LaunchScreen.storyboard in Resources */ = {isa = PBXBuildFile; fileRef = 9ADD015D2951ACDA00532DA5 /* LaunchScreen.storyboard */; };
		9ADD016A2951ACDB00532DA5 /* SimplyDoTests.swift in Sources */ = {isa = PBXBuildFile; fileRef = 9ADD01692951ACDB00532DA5 /* SimplyDoTests.swift */; };
		9ADD01742951ACDB00532DA5 /* SimplyDoUITests.swift in Sources */ = {isa = PBXBuildFile; fileRef = 9ADD01732951ACDB00532DA5 /* SimplyDoUITests.swift */; };
		9ADD01762951ACDB00532DA5 /* SimplyDoUITestsLaunchTests.swift in Sources */ = {isa = PBXBuildFile; fileRef = 9ADD01752951ACDB00532DA5 /* SimplyDoUITestsLaunchTests.swift */; };
		9ADD01AC2959E49C00532DA5 /* ControllerModule.framework in Frameworks */ = {isa = PBXBuildFile; fileRef = 9ADD01AB2959E49C00532DA5 /* ControllerModule.framework */; };
		9ADD01AD2959E49C00532DA5 /* ControllerModule.framework in Embed Frameworks */ = {isa = PBXBuildFile; fileRef = 9ADD01AB2959E49C00532DA5 /* ControllerModule.framework */; settings = {ATTRIBUTES = (CodeSignOnCopy, RemoveHeadersOnCopy, ); }; };
		9ADD01B02959E58300532DA5 /* MainTabController.swift in Sources */ = {isa = PBXBuildFile; fileRef = 9ADD01AF2959E58300532DA5 /* MainTabController.swift */; };
		9ADD01B72959E9A700532DA5 /* RegisterController.swift in Sources */ = {isa = PBXBuildFile; fileRef = 9ADD01B62959E9A700532DA5 /* RegisterController.swift */; };
		9ADD01B92959E9B500532DA5 /* LoginController.swift in Sources */ = {isa = PBXBuildFile; fileRef = 9ADD01B82959E9B500532DA5 /* LoginController.swift */; };
		9ADD01BC2959E9F300532DA5 /* MemoTabController.swift in Sources */ = {isa = PBXBuildFile; fileRef = 9ADD01BB2959E9F300532DA5 /* MemoTabController.swift */; };
		9ADD01EB2959F7C900532DA5 /* UncheckedTableCell.swift in Sources */ = {isa = PBXBuildFile; fileRef = 9ADD01EA2959F7C900532DA5 /* UncheckedTableCell.swift */; };
		9ADD02142959FD9D00532DA5 /* CheckedTableCell.swift in Sources */ = {isa = PBXBuildFile; fileRef = 9ADD02132959FD9D00532DA5 /* CheckedTableCell.swift */; };
		9AFC9BC32960847E0082800E /* FetchingEnum.swift in Sources */ = {isa = PBXBuildFile; fileRef = 9AFC9BC22960847E0082800E /* FetchingEnum.swift */; };
/* End PBXBuildFile section */

/* Begin PBXContainerItemProxy section */
		9ADD01662951ACDB00532DA5 /* PBXContainerItemProxy */ = {
			isa = PBXContainerItemProxy;
			containerPortal = 9ADD01472951ACD800532DA5 /* Project object */;
			proxyType = 1;
			remoteGlobalIDString = 9ADD014E2951ACD800532DA5;
			remoteInfo = SimplyDo;
		};
		9ADD01702951ACDB00532DA5 /* PBXContainerItemProxy */ = {
			isa = PBXContainerItemProxy;
			containerPortal = 9ADD01472951ACD800532DA5 /* Project object */;
			proxyType = 1;
			remoteGlobalIDString = 9ADD014E2951ACD800532DA5;
			remoteInfo = SimplyDo;
		};
/* End PBXContainerItemProxy section */

/* Begin PBXCopyFilesBuildPhase section */
		9ADD01AE2959E49D00532DA5 /* Embed Frameworks */ = {
			isa = PBXCopyFilesBuildPhase;
			buildActionMask = 2147483647;
			dstPath = "";
			dstSubfolderSpec = 10;
			files = (
				9A274784296460A8004F9731 /* Util.framework in Embed Frameworks */,
				9ADD01AD2959E49C00532DA5 /* ControllerModule.framework in Embed Frameworks */,
				9A2747692961B55B004F9731 /* DesignKit.framework in Embed Frameworks */,
			);
			name = "Embed Frameworks";
			runOnlyForDeploymentPostprocessing = 0;
		};
/* End PBXCopyFilesBuildPhase section */

/* Begin PBXFileReference section */
		9A2747592961B325004F9731 /* Memo */ = {isa = PBXFileReference; lastKnownFileType = text; path = Memo; sourceTree = "<group>"; };
		9A2747672961B55B004F9731 /* DesignKit.framework */ = {isa = PBXFileReference; explicitFileType = wrapper.framework; path = DesignKit.framework; sourceTree = BUILT_PRODUCTS_DIR; };
		9A27476C296320E5004F9731 /* App Plan */ = {isa = PBXFileReference; lastKnownFileType = text; path = "App Plan"; sourceTree = "<group>"; };
		9A274782296460A8004F9731 /* Util.framework */ = {isa = PBXFileReference; explicitFileType = wrapper.framework; path = Util.framework; sourceTree = BUILT_PRODUCTS_DIR; };
		9A27479C29646BEA004F9731 /* libResource.a */ = {isa = PBXFileReference; explicitFileType = archive.ar; path = libResource.a; sourceTree = BUILT_PRODUCTS_DIR; };
		9A2747A6296475BD004F9731 /* check.json */ = {isa = PBXFileReference; fileEncoding = 4; lastKnownFileType = text.json; path = check.json; sourceTree = "<group>"; };
		9A5630F0295CAE8C00BDE7EB /* Model.framework */ = {isa = PBXFileReference; explicitFileType = wrapper.framework; path = Model.framework; sourceTree = BUILT_PRODUCTS_DIR; };
		9A5D88C0296DACA300040C5B /* MemoManager.swift */ = {isa = PBXFileReference; lastKnownFileType = sourcecode.swift; path = MemoManager.swift; sourceTree = "<group>"; };
		9A5D88C2296DAF5200040C5B /* MemoTableCell.swift */ = {isa = PBXFileReference; lastKnownFileType = sourcecode.swift; path = MemoTableCell.swift; sourceTree = "<group>"; };
		9A5D88C4296DBE0F00040C5B /* CoreDataManager.swift */ = {isa = PBXFileReference; lastKnownFileType = sourcecode.swift; path = CoreDataManager.swift; sourceTree = "<group>"; };
		9A5D88C6296DC20900040C5B /* Debugging */ = {isa = PBXFileReference; lastKnownFileType = text; path = Debugging; sourceTree = "<group>"; };
		9A80E75B29739838002536AE /* burriedCodes */ = {isa = PBXFileReference; lastKnownFileType = text; path = burriedCodes; sourceTree = "<group>"; };
		9AC2B89529967E8900173596 /* FSCalendarTabController.swift */ = {isa = PBXFileReference; lastKnownFileType = sourcecode.swift; path = FSCalendarTabController.swift; sourceTree = "<group>"; };
		9AC2B8992996922500173596 /* Workspace+Helper.swift */ = {isa = PBXFileReference; lastKnownFileType = sourcecode.swift; path = "Workspace+Helper.swift"; sourceTree = "<group>"; };
		9AC2B89F299767C500173596 /* FSCalendarCell.swift */ = {isa = PBXFileReference; lastKnownFileType = sourcecode.swift; path = FSCalendarCell.swift; sourceTree = "<group>"; };
		9AC2B8A12997746000173596 /* AppleCalendarTabController.swift */ = {isa = PBXFileReference; lastKnownFileType = sourcecode.swift; path = AppleCalendarTabController.swift; sourceTree = "<group>"; };
		9AC2B8AE299A8F0A00173596 /* CodeTomb.swift */ = {isa = PBXFileReference; lastKnownFileType = sourcecode.swift; path = CodeTomb.swift; sourceTree = "<group>"; };
		9ACC6F6C29686F0500837FAB /* Memo+Helper.swift */ = {isa = PBXFileReference; lastKnownFileType = sourcecode.swift; path = "Memo+Helper.swift"; sourceTree = "<group>"; };
		9ACF5122296B0FEF00F75020 /* Tag+Helper.swift */ = {isa = PBXFileReference; lastKnownFileType = sourcecode.swift; path = "Tag+Helper.swift"; sourceTree = "<group>"; };
		9ACF5129296C596A00F75020 /* MemoController.swift */ = {isa = PBXFileReference; lastKnownFileType = sourcecode.swift; path = MemoController.swift; sourceTree = "<group>"; };
		9ACF512B296C681C00F75020 /* SampleCode.swift */ = {isa = PBXFileReference; lastKnownFileType = sourcecode.swift; path = SampleCode.swift; sourceTree = "<group>"; };
		9AD43755295F21DB00156D47 /* TodoSection.swift */ = {isa = PBXFileReference; fileEncoding = 4; lastKnownFileType = sourcecode.swift; name = TodoSection.swift; path = SimplyDo/Model/Todo/TodoSection.swift; sourceTree = SOURCE_ROOT; };
		9AD43756295F21DB00156D47 /* Todo+Helper.swift */ = {isa = PBXFileReference; fileEncoding = 4; lastKnownFileType = sourcecode.swift; name = "Todo+Helper.swift"; path = "SimplyDo/Model/Todo/Todo+Helper.swift"; sourceTree = SOURCE_ROOT; };
		9AD43759295F21DB00156D47 /* TodoTagManager.swift */ = {isa = PBXFileReference; fileEncoding = 4; lastKnownFileType = sourcecode.swift; name = TodoTagManager.swift; path = SimplyDo/Model/Tag/TodoTagManager.swift; sourceTree = SOURCE_ROOT; };
		9AD4375B295F21DB00156D47 /* TodoManager.swift */ = {isa = PBXFileReference; fileEncoding = 4; lastKnownFileType = sourcecode.swift; name = TodoManager.swift; path = SimplyDo/Model/Todo/TodoManager.swift; sourceTree = SOURCE_ROOT; };
		9AD4375D295F21DB00156D47 /* CoreDataStack.swift */ = {isa = PBXFileReference; fileEncoding = 4; lastKnownFileType = sourcecode.swift; name = CoreDataStack.swift; path = SimplyDo/Model/CoreDataStack.swift; sourceTree = SOURCE_ROOT; };
		9AD4375E295F21DB00156D47 /* TodoError.swift */ = {isa = PBXFileReference; fileEncoding = 4; lastKnownFileType = sourcecode.swift; name = TodoError.swift; path = SimplyDo/Model/Todo/TodoError.swift; sourceTree = SOURCE_ROOT; };
		9AD4376D295F228500156D47 /* Todo.xcdatamodel */ = {isa = PBXFileReference; lastKnownFileType = wrapper.xcdatamodel; path = Todo.xcdatamodel; sourceTree = "<group>"; };
		9AD43776295FD43900156D47 /* TodoTabController.swift */ = {isa = PBXFileReference; lastKnownFileType = sourcecode.swift; path = TodoTabController.swift; sourceTree = "<group>"; };
		9AD4377D295FDA5200156D47 /* TodoDataTestStack.swift */ = {isa = PBXFileReference; lastKnownFileType = sourcecode.swift; path = TodoDataTestStack.swift; sourceTree = "<group>"; };
		9ADD014F2951ACD800532DA5 /* SimplyDo.app */ = {isa = PBXFileReference; explicitFileType = wrapper.application; includeInIndex = 0; path = SimplyDo.app; sourceTree = BUILT_PRODUCTS_DIR; };
		9ADD01522951ACD800532DA5 /* AppDelegate.swift */ = {isa = PBXFileReference; lastKnownFileType = sourcecode.swift; path = AppDelegate.swift; sourceTree = "<group>"; };
		9ADD01542951ACD800532DA5 /* SceneDelegate.swift */ = {isa = PBXFileReference; lastKnownFileType = sourcecode.swift; path = SceneDelegate.swift; sourceTree = "<group>"; };
		9ADD015B2951ACDA00532DA5 /* Assets.xcassets */ = {isa = PBXFileReference; lastKnownFileType = folder.assetcatalog; path = Assets.xcassets; sourceTree = "<group>"; };
		9ADD015E2951ACDA00532DA5 /* Base */ = {isa = PBXFileReference; lastKnownFileType = file.storyboard; name = Base; path = Base.lproj/LaunchScreen.storyboard; sourceTree = "<group>"; };
		9ADD01602951ACDA00532DA5 /* Info.plist */ = {isa = PBXFileReference; lastKnownFileType = text.plist.xml; path = Info.plist; sourceTree = "<group>"; };
		9ADD01652951ACDB00532DA5 /* SimplyDoTests.xctest */ = {isa = PBXFileReference; explicitFileType = wrapper.cfbundle; includeInIndex = 0; path = SimplyDoTests.xctest; sourceTree = BUILT_PRODUCTS_DIR; };
		9ADD01692951ACDB00532DA5 /* SimplyDoTests.swift */ = {isa = PBXFileReference; lastKnownFileType = sourcecode.swift; path = SimplyDoTests.swift; sourceTree = "<group>"; };
		9ADD016F2951ACDB00532DA5 /* SimplyDoUITests.xctest */ = {isa = PBXFileReference; explicitFileType = wrapper.cfbundle; includeInIndex = 0; path = SimplyDoUITests.xctest; sourceTree = BUILT_PRODUCTS_DIR; };
		9ADD01732951ACDB00532DA5 /* SimplyDoUITests.swift */ = {isa = PBXFileReference; lastKnownFileType = sourcecode.swift; path = SimplyDoUITests.swift; sourceTree = "<group>"; };
		9ADD01752951ACDB00532DA5 /* SimplyDoUITestsLaunchTests.swift */ = {isa = PBXFileReference; lastKnownFileType = sourcecode.swift; path = SimplyDoUITestsLaunchTests.swift; sourceTree = "<group>"; };
		9ADD01AB2959E49C00532DA5 /* ControllerModule.framework */ = {isa = PBXFileReference; explicitFileType = wrapper.framework; path = ControllerModule.framework; sourceTree = BUILT_PRODUCTS_DIR; };
		9ADD01AF2959E58300532DA5 /* MainTabController.swift */ = {isa = PBXFileReference; lastKnownFileType = sourcecode.swift; path = MainTabController.swift; sourceTree = "<group>"; };
		9ADD01B62959E9A700532DA5 /* RegisterController.swift */ = {isa = PBXFileReference; lastKnownFileType = sourcecode.swift; path = RegisterController.swift; sourceTree = "<group>"; };
		9ADD01B82959E9B500532DA5 /* LoginController.swift */ = {isa = PBXFileReference; lastKnownFileType = sourcecode.swift; path = LoginController.swift; sourceTree = "<group>"; };
		9ADD01BB2959E9F300532DA5 /* MemoTabController.swift */ = {isa = PBXFileReference; lastKnownFileType = sourcecode.swift; path = MemoTabController.swift; sourceTree = "<group>"; };
		9ADD01EA2959F7C900532DA5 /* UncheckedTableCell.swift */ = {isa = PBXFileReference; lastKnownFileType = sourcecode.swift; path = UncheckedTableCell.swift; sourceTree = "<group>"; };
		9ADD02132959FD9D00532DA5 /* CheckedTableCell.swift */ = {isa = PBXFileReference; lastKnownFileType = sourcecode.swift; path = CheckedTableCell.swift; sourceTree = "<group>"; };
		9AFC9BC22960847E0082800E /* FetchingEnum.swift */ = {isa = PBXFileReference; lastKnownFileType = sourcecode.swift; path = FetchingEnum.swift; sourceTree = "<group>"; };
		9AFC9BDA296096EF0082800E /* Resource.framework */ = {isa = PBXFileReference; explicitFileType = wrapper.framework; path = Resource.framework; sourceTree = BUILT_PRODUCTS_DIR; };
/* End PBXFileReference section */

/* Begin PBXFrameworksBuildPhase section */
		9ADD014C2951ACD800532DA5 /* Frameworks */ = {
			isa = PBXFrameworksBuildPhase;
			buildActionMask = 2147483647;
			files = (
				9A27478729646A4C004F9731 /* Lottie in Frameworks */,
				9AC2B89E29973BBD00173596 /* FSCalendar in Frameworks */,
				9A274783296460A8004F9731 /* Util.framework in Frameworks */,
				9A2747682961B55B004F9731 /* DesignKit.framework in Frameworks */,
				9ADD01AC2959E49C00532DA5 /* ControllerModule.framework in Frameworks */,
				9AC2B8A5299774A700173596 /* JTAppleCalendar in Frameworks */,
				9A2747662961B52E004F9731 /* SnapKit in Frameworks */,
			);
			runOnlyForDeploymentPostprocessing = 0;
		};
		9ADD01622951ACDB00532DA5 /* Frameworks */ = {
			isa = PBXFrameworksBuildPhase;
			buildActionMask = 2147483647;
			files = (
			);
			runOnlyForDeploymentPostprocessing = 0;
		};
		9ADD016C2951ACDB00532DA5 /* Frameworks */ = {
			isa = PBXFrameworksBuildPhase;
			buildActionMask = 2147483647;
			files = (
			);
			runOnlyForDeploymentPostprocessing = 0;
		};
/* End PBXFrameworksBuildPhase section */

/* Begin PBXGroup section */
		9AC2B89429967E7D00173596 /* Calendar */ = {
			isa = PBXGroup;
			children = (
				9AC2B89529967E8900173596 /* FSCalendarTabController.swift */,
				9AC2B89F299767C500173596 /* FSCalendarCell.swift */,
				9AC2B8A12997746000173596 /* AppleCalendarTabController.swift */,
			);
			path = Calendar;
			sourceTree = "<group>";
		};
		9AC2B89B2996922D00173596 /* Workspace */ = {
			isa = PBXGroup;
			children = (
				9AC2B8992996922500173596 /* Workspace+Helper.swift */,
			);
			path = Workspace;
			sourceTree = "<group>";
		};
		9ACC6F6B29686E3500837FAB /* Todo */ = {
			isa = PBXGroup;
			children = (
				9AD43756295F21DB00156D47 /* Todo+Helper.swift */,
				9AD4375B295F21DB00156D47 /* TodoManager.swift */,
				9AD43755295F21DB00156D47 /* TodoSection.swift */,
				9AD4375E295F21DB00156D47 /* TodoError.swift */,
				9AFC9BC22960847E0082800E /* FetchingEnum.swift */,
			);
			path = Todo;
			sourceTree = "<group>";
		};
		9ACF5120296B0F0D00F75020 /* Memo */ = {
			isa = PBXGroup;
			children = (
				9ACC6F6C29686F0500837FAB /* Memo+Helper.swift */,
				9A5D88C0296DACA300040C5B /* MemoManager.swift */,
			);
			path = Memo;
			sourceTree = "<group>";
		};
		9ACF5121296B0F1E00F75020 /* Tag */ = {
			isa = PBXGroup;
			children = (
				9ACF5122296B0FEF00F75020 /* Tag+Helper.swift */,
				9AD43759295F21DB00156D47 /* TodoTagManager.swift */,
			);
			path = Tag;
			sourceTree = "<group>";
		};
		9AD43754295F21CE00156D47 /* Model */ = {
			isa = PBXGroup;
			children = (
				9AD4375D295F21DB00156D47 /* CoreDataStack.swift */,
				9A5D88C4296DBE0F00040C5B /* CoreDataManager.swift */,
				9AD4376C295F228500156D47 /* Todo.xcdatamodeld */,
				9AC2B89429967E7D00173596 /* Calendar */,
				9ACC6F6B29686E3500837FAB /* Todo */,
				9ACF5120296B0F0D00F75020 /* Memo */,
				9AC2B89B2996922D00173596 /* Workspace */,
				9ACF5121296B0F1E00F75020 /* Tag */,
			);
			path = Model;
			sourceTree = "<group>";
		};
		9AD43779295FD4A800156D47 /* Flow */ = {
			isa = PBXGroup;
			children = (
				9ADD01AF2959E58300532DA5 /* MainTabController.swift */,
				9AD4377A295FD4B500156D47 /* Todo */,
				9ADD01BA2959E9EC00532DA5 /* Memo */,
			);
			path = Flow;
			sourceTree = "<group>";
		};
		9AD4377A295FD4B500156D47 /* Todo */ = {
			isa = PBXGroup;
			children = (
				9ADD01EA2959F7C900532DA5 /* UncheckedTableCell.swift */,
				9AD43776295FD43900156D47 /* TodoTabController.swift */,
				9ADD02132959FD9D00532DA5 /* CheckedTableCell.swift */,
			);
			path = Todo;
			sourceTree = "<group>";
		};
		9ADD01462951ACD800532DA5 = {
			isa = PBXGroup;
			children = (
				9A2747592961B325004F9731 /* Memo */,
				9A27476C296320E5004F9731 /* App Plan */,
				9A5D88C6296DC20900040C5B /* Debugging */,
				9A80E75B29739838002536AE /* burriedCodes */,
				9A2747A6296475BD004F9731 /* check.json */,
				9ADD01512951ACD800532DA5 /* SimplyDo */,
				9ADD01682951ACDB00532DA5 /* SimplyDoTests */,
				9ADD01722951ACDB00532DA5 /* SimplyDoUITests */,
				9ADD01502951ACD800532DA5 /* Products */,
				9ADD01AA2959E49C00532DA5 /* Frameworks */,
			);
			sourceTree = "<group>";
		};
		9ADD01502951ACD800532DA5 /* Products */ = {
			isa = PBXGroup;
			children = (
				9ADD014F2951ACD800532DA5 /* SimplyDo.app */,
				9ADD01652951ACDB00532DA5 /* SimplyDoTests.xctest */,
				9ADD016F2951ACDB00532DA5 /* SimplyDoUITests.xctest */,
			);
			name = Products;
			sourceTree = "<group>";
		};
		9ADD01512951ACD800532DA5 /* SimplyDo */ = {
			isa = PBXGroup;
			children = (
				9ADD01522951ACD800532DA5 /* AppDelegate.swift */,
				9ADD01542951ACD800532DA5 /* SceneDelegate.swift */,
				9AC2B8AE299A8F0A00173596 /* CodeTomb.swift */,
				9AD43754295F21CE00156D47 /* Model */,
				9AD43779295FD4A800156D47 /* Flow */,
				9ADD01B22959E8DE00532DA5 /* Register */,
				9ADD01B12959E8D700532DA5 /* Login */,
				9ADD015B2951ACDA00532DA5 /* Assets.xcassets */,
				9ADD015D2951ACDA00532DA5 /* LaunchScreen.storyboard */,
				9ADD01602951ACDA00532DA5 /* Info.plist */,
			);
			path = SimplyDo;
			sourceTree = "<group>";
		};
		9ADD01682951ACDB00532DA5 /* SimplyDoTests */ = {
			isa = PBXGroup;
			children = (
				9ADD01692951ACDB00532DA5 /* SimplyDoTests.swift */,
				9AD4377D295FDA5200156D47 /* TodoDataTestStack.swift */,
			);
			path = SimplyDoTests;
			sourceTree = "<group>";
		};
		9ADD01722951ACDB00532DA5 /* SimplyDoUITests */ = {
			isa = PBXGroup;
			children = (
				9ADD01732951ACDB00532DA5 /* SimplyDoUITests.swift */,
				9ADD01752951ACDB00532DA5 /* SimplyDoUITestsLaunchTests.swift */,
			);
			path = SimplyDoUITests;
			sourceTree = "<group>";
		};
		9ADD01AA2959E49C00532DA5 /* Frameworks */ = {
			isa = PBXGroup;
			children = (
				9A27479C29646BEA004F9731 /* libResource.a */,
				9A274782296460A8004F9731 /* Util.framework */,
				9A2747672961B55B004F9731 /* DesignKit.framework */,
				9AFC9BDA296096EF0082800E /* Resource.framework */,
				9A5630F0295CAE8C00BDE7EB /* Model.framework */,
				9ADD01AB2959E49C00532DA5 /* ControllerModule.framework */,
			);
			name = Frameworks;
			sourceTree = "<group>";
		};
		9ADD01B12959E8D700532DA5 /* Login */ = {
			isa = PBXGroup;
			children = (
				9ADD01B82959E9B500532DA5 /* LoginController.swift */,
			);
			path = Login;
			sourceTree = "<group>";
		};
		9ADD01B22959E8DE00532DA5 /* Register */ = {
			isa = PBXGroup;
			children = (
				9ADD01B62959E9A700532DA5 /* RegisterController.swift */,
			);
			path = Register;
			sourceTree = "<group>";
		};
		9ADD01BA2959E9EC00532DA5 /* Memo */ = {
			isa = PBXGroup;
			children = (
				9ADD01BB2959E9F300532DA5 /* MemoTabController.swift */,
				9ACF5129296C596A00F75020 /* MemoController.swift */,
				9A5D88C2296DAF5200040C5B /* MemoTableCell.swift */,
				9ACF512B296C681C00F75020 /* SampleCode.swift */,
			);
			path = Memo;
			sourceTree = "<group>";
		};
/* End PBXGroup section */

/* Begin PBXNativeTarget section */
		9ADD014E2951ACD800532DA5 /* SimplyDo */ = {
			isa = PBXNativeTarget;
			buildConfigurationList = 9ADD01792951ACDB00532DA5 /* Build configuration list for PBXNativeTarget "SimplyDo" */;
			buildPhases = (
				9ADD014B2951ACD800532DA5 /* Sources */,
				9ADD014C2951ACD800532DA5 /* Frameworks */,
				9ADD014D2951ACD800532DA5 /* Resources */,
				9ADD01AE2959E49D00532DA5 /* Embed Frameworks */,
			);
			buildRules = (
			);
			dependencies = (
			);
			name = SimplyDo;
			packageProductDependencies = (
				9A2747652961B52E004F9731 /* SnapKit */,
				9A27478629646A4C004F9731 /* Lottie */,
				9AC2B89D29973BBD00173596 /* FSCalendar */,
				9AC2B8A4299774A700173596 /* JTAppleCalendar */,
			);
			productName = SimplyDo;
			productReference = 9ADD014F2951ACD800532DA5 /* SimplyDo.app */;
			productType = "com.apple.product-type.application";
		};
		9ADD01642951ACDB00532DA5 /* SimplyDoTests */ = {
			isa = PBXNativeTarget;
			buildConfigurationList = 9ADD017C2951ACDB00532DA5 /* Build configuration list for PBXNativeTarget "SimplyDoTests" */;
			buildPhases = (
				9ADD01612951ACDB00532DA5 /* Sources */,
				9ADD01622951ACDB00532DA5 /* Frameworks */,
				9ADD01632951ACDB00532DA5 /* Resources */,
			);
			buildRules = (
			);
			dependencies = (
				9AC2B8AD299A7E2800173596 /* PBXTargetDependency */,
				9ADD01672951ACDB00532DA5 /* PBXTargetDependency */,
			);
			name = SimplyDoTests;
			productName = SimplyDoTests;
			productReference = 9ADD01652951ACDB00532DA5 /* SimplyDoTests.xctest */;
			productType = "com.apple.product-type.bundle.unit-test";
		};
		9ADD016E2951ACDB00532DA5 /* SimplyDoUITests */ = {
			isa = PBXNativeTarget;
			buildConfigurationList = 9ADD017F2951ACDB00532DA5 /* Build configuration list for PBXNativeTarget "SimplyDoUITests" */;
			buildPhases = (
				9ADD016B2951ACDB00532DA5 /* Sources */,
				9ADD016C2951ACDB00532DA5 /* Frameworks */,
				9ADD016D2951ACDB00532DA5 /* Resources */,
			);
			buildRules = (
			);
			dependencies = (
				9ADD01712951ACDB00532DA5 /* PBXTargetDependency */,
			);
			name = SimplyDoUITests;
			productName = SimplyDoUITests;
			productReference = 9ADD016F2951ACDB00532DA5 /* SimplyDoUITests.xctest */;
			productType = "com.apple.product-type.bundle.ui-testing";
		};
/* End PBXNativeTarget section */

/* Begin PBXProject section */
		9ADD01472951ACD800532DA5 /* Project object */ = {
			isa = PBXProject;
			attributes = {
				BuildIndependentTargetsInParallel = 1;
				LastSwiftUpdateCheck = 1410;
				LastUpgradeCheck = 1410;
				TargetAttributes = {
					9ADD014E2951ACD800532DA5 = {
						CreatedOnToolsVersion = 14.1;
					};
					9ADD01642951ACDB00532DA5 = {
						CreatedOnToolsVersion = 14.1;
						TestTargetID = 9ADD014E2951ACD800532DA5;
					};
					9ADD016E2951ACDB00532DA5 = {
						CreatedOnToolsVersion = 14.1;
						TestTargetID = 9ADD014E2951ACD800532DA5;
					};
				};
			};
			buildConfigurationList = 9ADD014A2951ACD800532DA5 /* Build configuration list for PBXProject "SimplyDo" */;
			compatibilityVersion = "Xcode 14.0";
			developmentRegion = en;
			hasScannedForEncodings = 0;
			knownRegions = (
				en,
				Base,
			);
			mainGroup = 9ADD01462951ACD800532DA5;
			packageReferences = (
				9A2747642961B52E004F9731 /* XCRemoteSwiftPackageReference "SnapKit" */,
				9A27478529646A4C004F9731 /* XCRemoteSwiftPackageReference "lottie-ios" */,
				9AC2B89C29973BBD00173596 /* XCRemoteSwiftPackageReference "FSCalendar" */,
				9AC2B8A3299774A700173596 /* XCRemoteSwiftPackageReference "JTAppleCalendar" */,
			);
			productRefGroup = 9ADD01502951ACD800532DA5 /* Products */;
			projectDirPath = "";
			projectRoot = "";
			targets = (
				9ADD014E2951ACD800532DA5 /* SimplyDo */,
				9ADD01642951ACDB00532DA5 /* SimplyDoTests */,
				9ADD016E2951ACDB00532DA5 /* SimplyDoUITests */,
			);
		};
/* End PBXProject section */

/* Begin PBXResourcesBuildPhase section */
		9ADD014D2951ACD800532DA5 /* Resources */ = {
			isa = PBXResourcesBuildPhase;
			buildActionMask = 2147483647;
			files = (
				9ADD015F2951ACDA00532DA5 /* LaunchScreen.storyboard in Resources */,
				9A2747A7296475BD004F9731 /* check.json in Resources */,
				9A80E75C29739838002536AE /* burriedCodes in Resources */,
				9A27475A2961B325004F9731 /* Memo in Resources */,
				9A27476D296320E5004F9731 /* App Plan in Resources */,
				9ADD015C2951ACDA00532DA5 /* Assets.xcassets in Resources */,
				9A5D88C7296DC20900040C5B /* Debugging in Resources */,
			);
			runOnlyForDeploymentPostprocessing = 0;
		};
		9ADD01632951ACDB00532DA5 /* Resources */ = {
			isa = PBXResourcesBuildPhase;
			buildActionMask = 2147483647;
			files = (
			);
			runOnlyForDeploymentPostprocessing = 0;
		};
		9ADD016D2951ACDB00532DA5 /* Resources */ = {
			isa = PBXResourcesBuildPhase;
			buildActionMask = 2147483647;
			files = (
			);
			runOnlyForDeploymentPostprocessing = 0;
		};
/* End PBXResourcesBuildPhase section */

/* Begin PBXSourcesBuildPhase section */
		9ADD014B2951ACD800532DA5 /* Sources */ = {
			isa = PBXSourcesBuildPhase;
			buildActionMask = 2147483647;
			files = (
				9AC2B8A22997746000173596 /* AppleCalendarTabController.swift in Sources */,
				9ADD01BC2959E9F300532DA5 /* MemoTabController.swift in Sources */,
				9ADD01532951ACD800532DA5 /* AppDelegate.swift in Sources */,
				9AC2B89629967E8900173596 /* FSCalendarTabController.swift in Sources */,
				9ADD01B72959E9A700532DA5 /* RegisterController.swift in Sources */,
				9ADD01EB2959F7C900532DA5 /* UncheckedTableCell.swift in Sources */,
				9AD43762295F21DB00156D47 /* Todo+Helper.swift in Sources */,
				9ADD01B02959E58300532DA5 /* MainTabController.swift in Sources */,
				9A5D88C1296DACA300040C5B /* MemoManager.swift in Sources */,
				9ACC6F6D29686F0500837FAB /* Memo+Helper.swift in Sources */,
				9ADD01552951ACD800532DA5 /* SceneDelegate.swift in Sources */,
				9AD4376E295F228500156D47 /* Todo.xcdatamodeld in Sources */,
				9AFC9BC32960847E0082800E /* FetchingEnum.swift in Sources */,
				9ADD02142959FD9D00532DA5 /* CheckedTableCell.swift in Sources */,
				9AC2B8A0299767C500173596 /* FSCalendarCell.swift in Sources */,
				9AD43766295F21DB00156D47 /* TodoManager.swift in Sources */,
				9AD43768295F21DB00156D47 /* CoreDataStack.swift in Sources */,
				9ACF512C296C681C00F75020 /* SampleCode.swift in Sources */,
				9ACF512A296C596A00F75020 /* MemoController.swift in Sources */,
				9AC2B89A2996922500173596 /* Workspace+Helper.swift in Sources */,
				9AC2B8AF299A8F0A00173596 /* CodeTomb.swift in Sources */,
				9ACF5123296B0FEF00F75020 /* Tag+Helper.swift in Sources */,
				9A5D88C5296DBE0F00040C5B /* CoreDataManager.swift in Sources */,
				9AD43764295F21DB00156D47 /* TodoTagManager.swift in Sources */,
				9ADD01B92959E9B500532DA5 /* LoginController.swift in Sources */,
				9A5D88C3296DAF5200040C5B /* MemoTableCell.swift in Sources */,
				9AD43777295FD43900156D47 /* TodoTabController.swift in Sources */,
				9AD43769295F21DB00156D47 /* TodoError.swift in Sources */,
				9AD43761295F21DB00156D47 /* TodoSection.swift in Sources */,
			);
			runOnlyForDeploymentPostprocessing = 0;
		};
		9ADD01612951ACDB00532DA5 /* Sources */ = {
			isa = PBXSourcesBuildPhase;
			buildActionMask = 2147483647;
			files = (
				9AD4377E295FDA5200156D47 /* TodoDataTestStack.swift in Sources */,
				9ADD016A2951ACDB00532DA5 /* SimplyDoTests.swift in Sources */,
			);
			runOnlyForDeploymentPostprocessing = 0;
		};
		9ADD016B2951ACDB00532DA5 /* Sources */ = {
			isa = PBXSourcesBuildPhase;
			buildActionMask = 2147483647;
			files = (
				9ADD01762951ACDB00532DA5 /* SimplyDoUITestsLaunchTests.swift in Sources */,
				9ADD01742951ACDB00532DA5 /* SimplyDoUITests.swift in Sources */,
			);
			runOnlyForDeploymentPostprocessing = 0;
		};
/* End PBXSourcesBuildPhase section */

/* Begin PBXTargetDependency section */
		9AC2B8AD299A7E2800173596 /* PBXTargetDependency */ = {
			isa = PBXTargetDependency;
			productRef = 9AC2B8AC299A7E2800173596 /* FSCalendar */;
		};
		9ADD01672951ACDB00532DA5 /* PBXTargetDependency */ = {
			isa = PBXTargetDependency;
			target = 9ADD014E2951ACD800532DA5 /* SimplyDo */;
			targetProxy = 9ADD01662951ACDB00532DA5 /* PBXContainerItemProxy */;
		};
		9ADD01712951ACDB00532DA5 /* PBXTargetDependency */ = {
			isa = PBXTargetDependency;
			target = 9ADD014E2951ACD800532DA5 /* SimplyDo */;
			targetProxy = 9ADD01702951ACDB00532DA5 /* PBXContainerItemProxy */;
		};
/* End PBXTargetDependency section */

/* Begin PBXVariantGroup section */
		9ADD015D2951ACDA00532DA5 /* LaunchScreen.storyboard */ = {
			isa = PBXVariantGroup;
			children = (
				9ADD015E2951ACDA00532DA5 /* Base */,
			);
			name = LaunchScreen.storyboard;
			sourceTree = "<group>";
		};
/* End PBXVariantGroup section */

/* Begin XCBuildConfiguration section */
		9ADD01772951ACDB00532DA5 /* Debug */ = {
			isa = XCBuildConfiguration;
			buildSettings = {
				ALWAYS_SEARCH_USER_PATHS = NO;
				CLANG_ANALYZER_NONNULL = YES;
				CLANG_ANALYZER_NUMBER_OBJECT_CONVERSION = YES_AGGRESSIVE;
				CLANG_CXX_LANGUAGE_STANDARD = "gnu++20";
				CLANG_ENABLE_MODULES = YES;
				CLANG_ENABLE_OBJC_ARC = YES;
				CLANG_ENABLE_OBJC_WEAK = YES;
				CLANG_WARN_BLOCK_CAPTURE_AUTORELEASING = YES;
				CLANG_WARN_BOOL_CONVERSION = YES;
				CLANG_WARN_COMMA = YES;
				CLANG_WARN_CONSTANT_CONVERSION = YES;
				CLANG_WARN_DEPRECATED_OBJC_IMPLEMENTATIONS = YES;
				CLANG_WARN_DIRECT_OBJC_ISA_USAGE = YES_ERROR;
				CLANG_WARN_DOCUMENTATION_COMMENTS = YES;
				CLANG_WARN_EMPTY_BODY = YES;
				CLANG_WARN_ENUM_CONVERSION = YES;
				CLANG_WARN_INFINITE_RECURSION = YES;
				CLANG_WARN_INT_CONVERSION = YES;
				CLANG_WARN_NON_LITERAL_NULL_CONVERSION = YES;
				CLANG_WARN_OBJC_IMPLICIT_RETAIN_SELF = YES;
				CLANG_WARN_OBJC_LITERAL_CONVERSION = YES;
				CLANG_WARN_OBJC_ROOT_CLASS = YES_ERROR;
				CLANG_WARN_QUOTED_INCLUDE_IN_FRAMEWORK_HEADER = YES;
				CLANG_WARN_RANGE_LOOP_ANALYSIS = YES;
				CLANG_WARN_STRICT_PROTOTYPES = YES;
				CLANG_WARN_SUSPICIOUS_MOVE = YES;
				CLANG_WARN_UNGUARDED_AVAILABILITY = YES_AGGRESSIVE;
				CLANG_WARN_UNREACHABLE_CODE = YES;
				CLANG_WARN__DUPLICATE_METHOD_MATCH = YES;
				COPY_PHASE_STRIP = NO;
				DEBUG_INFORMATION_FORMAT = dwarf;
				ENABLE_STRICT_OBJC_MSGSEND = YES;
				ENABLE_TESTABILITY = YES;
				GCC_C_LANGUAGE_STANDARD = gnu11;
				GCC_DYNAMIC_NO_PIC = NO;
				GCC_NO_COMMON_BLOCKS = YES;
				GCC_OPTIMIZATION_LEVEL = 0;
				GCC_PREPROCESSOR_DEFINITIONS = (
					"DEBUG=1",
					"$(inherited)",
				);
				GCC_WARN_64_TO_32_BIT_CONVERSION = YES;
				GCC_WARN_ABOUT_RETURN_TYPE = YES_ERROR;
				GCC_WARN_UNDECLARED_SELECTOR = YES;
				GCC_WARN_UNINITIALIZED_AUTOS = YES_AGGRESSIVE;
				GCC_WARN_UNUSED_FUNCTION = YES;
				GCC_WARN_UNUSED_VARIABLE = YES;
				IPHONEOS_DEPLOYMENT_TARGET = 15.0;
				MTL_ENABLE_DEBUG_INFO = INCLUDE_SOURCE;
				MTL_FAST_MATH = YES;
				ONLY_ACTIVE_ARCH = YES;
				SDKROOT = iphoneos;
				SWIFT_ACTIVE_COMPILATION_CONDITIONS = DEBUG;
				SWIFT_OPTIMIZATION_LEVEL = "-Onone";
			};
			name = Debug;
		};
		9ADD01782951ACDB00532DA5 /* Release */ = {
			isa = XCBuildConfiguration;
			buildSettings = {
				ALWAYS_SEARCH_USER_PATHS = NO;
				CLANG_ANALYZER_NONNULL = YES;
				CLANG_ANALYZER_NUMBER_OBJECT_CONVERSION = YES_AGGRESSIVE;
				CLANG_CXX_LANGUAGE_STANDARD = "gnu++20";
				CLANG_ENABLE_MODULES = YES;
				CLANG_ENABLE_OBJC_ARC = YES;
				CLANG_ENABLE_OBJC_WEAK = YES;
				CLANG_WARN_BLOCK_CAPTURE_AUTORELEASING = YES;
				CLANG_WARN_BOOL_CONVERSION = YES;
				CLANG_WARN_COMMA = YES;
				CLANG_WARN_CONSTANT_CONVERSION = YES;
				CLANG_WARN_DEPRECATED_OBJC_IMPLEMENTATIONS = YES;
				CLANG_WARN_DIRECT_OBJC_ISA_USAGE = YES_ERROR;
				CLANG_WARN_DOCUMENTATION_COMMENTS = YES;
				CLANG_WARN_EMPTY_BODY = YES;
				CLANG_WARN_ENUM_CONVERSION = YES;
				CLANG_WARN_INFINITE_RECURSION = YES;
				CLANG_WARN_INT_CONVERSION = YES;
				CLANG_WARN_NON_LITERAL_NULL_CONVERSION = YES;
				CLANG_WARN_OBJC_IMPLICIT_RETAIN_SELF = YES;
				CLANG_WARN_OBJC_LITERAL_CONVERSION = YES;
				CLANG_WARN_OBJC_ROOT_CLASS = YES_ERROR;
				CLANG_WARN_QUOTED_INCLUDE_IN_FRAMEWORK_HEADER = YES;
				CLANG_WARN_RANGE_LOOP_ANALYSIS = YES;
				CLANG_WARN_STRICT_PROTOTYPES = YES;
				CLANG_WARN_SUSPICIOUS_MOVE = YES;
				CLANG_WARN_UNGUARDED_AVAILABILITY = YES_AGGRESSIVE;
				CLANG_WARN_UNREACHABLE_CODE = YES;
				CLANG_WARN__DUPLICATE_METHOD_MATCH = YES;
				COPY_PHASE_STRIP = NO;
				DEBUG_INFORMATION_FORMAT = "dwarf-with-dsym";
				ENABLE_NS_ASSERTIONS = NO;
				ENABLE_STRICT_OBJC_MSGSEND = YES;
				GCC_C_LANGUAGE_STANDARD = gnu11;
				GCC_NO_COMMON_BLOCKS = YES;
				GCC_WARN_64_TO_32_BIT_CONVERSION = YES;
				GCC_WARN_ABOUT_RETURN_TYPE = YES_ERROR;
				GCC_WARN_UNDECLARED_SELECTOR = YES;
				GCC_WARN_UNINITIALIZED_AUTOS = YES_AGGRESSIVE;
				GCC_WARN_UNUSED_FUNCTION = YES;
				GCC_WARN_UNUSED_VARIABLE = YES;
				IPHONEOS_DEPLOYMENT_TARGET = 15.0;
				MTL_ENABLE_DEBUG_INFO = NO;
				MTL_FAST_MATH = YES;
				SDKROOT = iphoneos;
				SWIFT_COMPILATION_MODE = wholemodule;
				SWIFT_OPTIMIZATION_LEVEL = "-O";
				VALIDATE_PRODUCT = YES;
			};
			name = Release;
		};
		9ADD017A2951ACDB00532DA5 /* Debug */ = {
			isa = XCBuildConfiguration;
			buildSettings = {
				ASSETCATALOG_COMPILER_APPICON_NAME = AppIcon;
				ASSETCATALOG_COMPILER_GLOBAL_ACCENT_COLOR_NAME = AccentColor;
				CODE_SIGN_STYLE = Automatic;
				CURRENT_PROJECT_VERSION = 1;
				DEVELOPMENT_TEAM = F23GD77ZRK;
				GENERATE_INFOPLIST_FILE = YES;
				INFOPLIST_FILE = SimplyDo/Info.plist;
				INFOPLIST_KEY_UIApplicationSupportsIndirectInputEvents = YES;
				INFOPLIST_KEY_UILaunchStoryboardName = LaunchScreen;
				INFOPLIST_KEY_UIMainStoryboardFile = "";
				INFOPLIST_KEY_UISupportedInterfaceOrientations_iPad = "UIInterfaceOrientationPortrait UIInterfaceOrientationPortraitUpsideDown UIInterfaceOrientationLandscapeLeft UIInterfaceOrientationLandscapeRight";
				INFOPLIST_KEY_UISupportedInterfaceOrientations_iPhone = "UIInterfaceOrientationPortrait UIInterfaceOrientationLandscapeLeft UIInterfaceOrientationLandscapeRight";
				IPHONEOS_DEPLOYMENT_TARGET = 15.0;
				LD_RUNPATH_SEARCH_PATHS = (
					"$(inherited)",
					"@executable_path/Frameworks",
				);
				MARKETING_VERSION = 1.0;
				PRODUCT_BUNDLE_IDENTIFIER = "hanmok-main.SimplyDo";
				PRODUCT_NAME = "$(TARGET_NAME)";
				SWIFT_EMIT_LOC_STRINGS = YES;
				SWIFT_VERSION = 5.0;
				TARGETED_DEVICE_FAMILY = "1,2";
			};
			name = Debug;
		};
		9ADD017B2951ACDB00532DA5 /* Release */ = {
			isa = XCBuildConfiguration;
			buildSettings = {
				ASSETCATALOG_COMPILER_APPICON_NAME = AppIcon;
				ASSETCATALOG_COMPILER_GLOBAL_ACCENT_COLOR_NAME = AccentColor;
				CODE_SIGN_STYLE = Automatic;
				CURRENT_PROJECT_VERSION = 1;
				DEVELOPMENT_TEAM = F23GD77ZRK;
				GENERATE_INFOPLIST_FILE = YES;
				INFOPLIST_FILE = SimplyDo/Info.plist;
				INFOPLIST_KEY_UIApplicationSupportsIndirectInputEvents = YES;
				INFOPLIST_KEY_UILaunchStoryboardName = LaunchScreen;
				INFOPLIST_KEY_UIMainStoryboardFile = "";
				INFOPLIST_KEY_UISupportedInterfaceOrientations_iPad = "UIInterfaceOrientationPortrait UIInterfaceOrientationPortraitUpsideDown UIInterfaceOrientationLandscapeLeft UIInterfaceOrientationLandscapeRight";
				INFOPLIST_KEY_UISupportedInterfaceOrientations_iPhone = "UIInterfaceOrientationPortrait UIInterfaceOrientationLandscapeLeft UIInterfaceOrientationLandscapeRight";
				IPHONEOS_DEPLOYMENT_TARGET = 15.0;
				LD_RUNPATH_SEARCH_PATHS = (
					"$(inherited)",
					"@executable_path/Frameworks",
				);
				MARKETING_VERSION = 1.0;
				PRODUCT_BUNDLE_IDENTIFIER = "hanmok-main.SimplyDo";
				PRODUCT_NAME = "$(TARGET_NAME)";
				SWIFT_EMIT_LOC_STRINGS = YES;
				SWIFT_VERSION = 5.0;
				TARGETED_DEVICE_FAMILY = "1,2";
			};
			name = Release;
		};
		9ADD017D2951ACDB00532DA5 /* Debug */ = {
			isa = XCBuildConfiguration;
			buildSettings = {
				ALWAYS_EMBED_SWIFT_STANDARD_LIBRARIES = YES;
				BUNDLE_LOADER = "$(TEST_HOST)";
				CODE_SIGN_STYLE = Automatic;
				CURRENT_PROJECT_VERSION = 1;
				DEVELOPMENT_TEAM = F23GD77ZRK;
				GENERATE_INFOPLIST_FILE = YES;
				IPHONEOS_DEPLOYMENT_TARGET = 16.1;
				MARKETING_VERSION = 1.0;
				PRODUCT_BUNDLE_IDENTIFIER = "hanmok-main.SimplyDoTests";
				PRODUCT_NAME = "$(TARGET_NAME)";
				SWIFT_EMIT_LOC_STRINGS = NO;
				SWIFT_VERSION = 5.0;
				TARGETED_DEVICE_FAMILY = "1,2";
				TEST_HOST = "$(BUILT_PRODUCTS_DIR)/SimplyDo.app/$(BUNDLE_EXECUTABLE_FOLDER_PATH)/SimplyDo";
			};
			name = Debug;
		};
		9ADD017E2951ACDB00532DA5 /* Release */ = {
			isa = XCBuildConfiguration;
			buildSettings = {
				ALWAYS_EMBED_SWIFT_STANDARD_LIBRARIES = YES;
				BUNDLE_LOADER = "$(TEST_HOST)";
				CODE_SIGN_STYLE = Automatic;
				CURRENT_PROJECT_VERSION = 1;
				DEVELOPMENT_TEAM = F23GD77ZRK;
				GENERATE_INFOPLIST_FILE = YES;
				IPHONEOS_DEPLOYMENT_TARGET = 16.1;
				MARKETING_VERSION = 1.0;
				PRODUCT_BUNDLE_IDENTIFIER = "hanmok-main.SimplyDoTests";
				PRODUCT_NAME = "$(TARGET_NAME)";
				SWIFT_EMIT_LOC_STRINGS = NO;
				SWIFT_VERSION = 5.0;
				TARGETED_DEVICE_FAMILY = "1,2";
				TEST_HOST = "$(BUILT_PRODUCTS_DIR)/SimplyDo.app/$(BUNDLE_EXECUTABLE_FOLDER_PATH)/SimplyDo";
			};
			name = Release;
		};
		9ADD01802951ACDB00532DA5 /* Debug */ = {
			isa = XCBuildConfiguration;
			buildSettings = {
				ALWAYS_EMBED_SWIFT_STANDARD_LIBRARIES = YES;
				CODE_SIGN_STYLE = Automatic;
				CURRENT_PROJECT_VERSION = 1;
				DEVELOPMENT_TEAM = F23GD77ZRK;
				GENERATE_INFOPLIST_FILE = YES;
				MARKETING_VERSION = 1.0;
				PRODUCT_BUNDLE_IDENTIFIER = "hanmok-main.SimplyDoUITests";
				PRODUCT_NAME = "$(TARGET_NAME)";
				SWIFT_EMIT_LOC_STRINGS = NO;
				SWIFT_VERSION = 5.0;
				TARGETED_DEVICE_FAMILY = "1,2";
				TEST_TARGET_NAME = SimplyDo;
			};
			name = Debug;
		};
		9ADD01812951ACDB00532DA5 /* Release */ = {
			isa = XCBuildConfiguration;
			buildSettings = {
				ALWAYS_EMBED_SWIFT_STANDARD_LIBRARIES = YES;
				CODE_SIGN_STYLE = Automatic;
				CURRENT_PROJECT_VERSION = 1;
				DEVELOPMENT_TEAM = F23GD77ZRK;
				GENERATE_INFOPLIST_FILE = YES;
				MARKETING_VERSION = 1.0;
				PRODUCT_BUNDLE_IDENTIFIER = "hanmok-main.SimplyDoUITests";
				PRODUCT_NAME = "$(TARGET_NAME)";
				SWIFT_EMIT_LOC_STRINGS = NO;
				SWIFT_VERSION = 5.0;
				TARGETED_DEVICE_FAMILY = "1,2";
				TEST_TARGET_NAME = SimplyDo;
			};
			name = Release;
		};
/* End XCBuildConfiguration section */

/* Begin XCConfigurationList section */
		9ADD014A2951ACD800532DA5 /* Build configuration list for PBXProject "SimplyDo" */ = {
			isa = XCConfigurationList;
			buildConfigurations = (
				9ADD01772951ACDB00532DA5 /* Debug */,
				9ADD01782951ACDB00532DA5 /* Release */,
			);
			defaultConfigurationIsVisible = 0;
			defaultConfigurationName = Release;
		};
		9ADD01792951ACDB00532DA5 /* Build configuration list for PBXNativeTarget "SimplyDo" */ = {
			isa = XCConfigurationList;
			buildConfigurations = (
				9ADD017A2951ACDB00532DA5 /* Debug */,
				9ADD017B2951ACDB00532DA5 /* Release */,
			);
			defaultConfigurationIsVisible = 0;
			defaultConfigurationName = Release;
		};
		9ADD017C2951ACDB00532DA5 /* Build configuration list for PBXNativeTarget "SimplyDoTests" */ = {
			isa = XCConfigurationList;
			buildConfigurations = (
				9ADD017D2951ACDB00532DA5 /* Debug */,
				9ADD017E2951ACDB00532DA5 /* Release */,
			);
			defaultConfigurationIsVisible = 0;
			defaultConfigurationName = Release;
		};
		9ADD017F2951ACDB00532DA5 /* Build configuration list for PBXNativeTarget "SimplyDoUITests" */ = {
			isa = XCConfigurationList;
			buildConfigurations = (
				9ADD01802951ACDB00532DA5 /* Debug */,
				9ADD01812951ACDB00532DA5 /* Release */,
			);
			defaultConfigurationIsVisible = 0;
			defaultConfigurationName = Release;
		};
/* End XCConfigurationList section */

/* Begin XCRemoteSwiftPackageReference section */
		9A2747642961B52E004F9731 /* XCRemoteSwiftPackageReference "SnapKit" */ = {
			isa = XCRemoteSwiftPackageReference;
			repositoryURL = "https://github.com/SnapKit/SnapKit";
			requirement = {
				kind = upToNextMajorVersion;
				minimumVersion = 5.0.0;
			};
		};
		9A27478529646A4C004F9731 /* XCRemoteSwiftPackageReference "lottie-ios" */ = {
			isa = XCRemoteSwiftPackageReference;
			repositoryURL = "https://github.com/airbnb/lottie-ios";
			requirement = {
				kind = upToNextMajorVersion;
				minimumVersion = 4.0.0;
			};
		};
		9AC2B89C29973BBD00173596 /* XCRemoteSwiftPackageReference "FSCalendar" */ = {
			isa = XCRemoteSwiftPackageReference;
			repositoryURL = "https://github.com/WenchaoD/FSCalendar";
			requirement = {
				kind = upToNextMajorVersion;
				minimumVersion = 2.0.0;
			};
		};
		9AC2B8A3299774A700173596 /* XCRemoteSwiftPackageReference "JTAppleCalendar" */ = {
			isa = XCRemoteSwiftPackageReference;
			repositoryURL = "https://github.com/patchthecode/JTAppleCalendar";
			requirement = {
				kind = upToNextMajorVersion;
				minimumVersion = 8.0.0;
			};
		};
/* End XCRemoteSwiftPackageReference section */

/* Begin XCSwiftPackageProductDependency section */
		9A2747652961B52E004F9731 /* SnapKit */ = {
			isa = XCSwiftPackageProductDependency;
			package = 9A2747642961B52E004F9731 /* XCRemoteSwiftPackageReference "SnapKit" */;
			productName = SnapKit;
		};
		9A27478629646A4C004F9731 /* Lottie */ = {
			isa = XCSwiftPackageProductDependency;
			package = 9A27478529646A4C004F9731 /* XCRemoteSwiftPackageReference "lottie-ios" */;
			productName = Lottie;
		};
		9AC2B89D29973BBD00173596 /* FSCalendar */ = {
			isa = XCSwiftPackageProductDependency;
			package = 9AC2B89C29973BBD00173596 /* XCRemoteSwiftPackageReference "FSCalendar" */;
			productName = FSCalendar;
		};
		9AC2B8A4299774A700173596 /* JTAppleCalendar */ = {
			isa = XCSwiftPackageProductDependency;
			package = 9AC2B8A3299774A700173596 /* XCRemoteSwiftPackageReference "JTAppleCalendar" */;
			productName = JTAppleCalendar;
		};
		9AC2B8AC299A7E2800173596 /* FSCalendar */ = {
			isa = XCSwiftPackageProductDependency;
			package = 9AC2B89C29973BBD00173596 /* XCRemoteSwiftPackageReference "FSCalendar" */;
			productName = FSCalendar;
		};
/* End XCSwiftPackageProductDependency section */

/* Begin XCVersionGroup section */
		9AD4376C295F228500156D47 /* Todo.xcdatamodeld */ = {
			isa = XCVersionGroup;
			children = (
				9AD4376D295F228500156D47 /* Todo.xcdatamodel */,
			);
			currentVersion = 9AD4376D295F228500156D47 /* Todo.xcdatamodel */;
			path = Todo.xcdatamodeld;
			sourceTree = "<group>";
			versionGroupType = wrapper.xcdatamodel;
		};
/* End XCVersionGroup section */
	};
	rootObject = 9ADD01472951ACD800532DA5 /* Project object */;
}
